
Microsoft Visual Studio Solution File, Format Version 12.00
# Visual Studio Version 17
VisualStudioVersion = 17.9.34723.18
MinimumVisualStudioVersion = 10.0.40219.1
Project("{FAE04EC0-301F-11D3-BF4B-00C04F79EFBC}") = "MSIS4363PresentationCC", "MSIS4363PresentationCC.csproj", "{5FD5792B-6A22-4993-A240-AD16174D5FD6}"
EndProject
Global
	GlobalSection(SolutionConfigurationPlatforms) = preSolution
		Debug|Any CPU = Debug|Any CPU
		Release|Any CPU = Release|Any CPU
	EndGlobalSection
	GlobalSection(ProjectConfigurationPlatforms) = postSolution
		{5FD5792B-6A22-4993-A240-AD16174D5FD6}.Debug|Any CPU.ActiveCfg = Debug|Any CPU
		{5FD5792B-6A22-4993-A240-AD16174D5FD6}.Debug|Any CPU.Build.0 = Debug|Any CPU
		{5FD5792B-6A22-4993-A240-AD16174D5FD6}.Release|Any CPU.ActiveCfg = Release|Any CPU
		{5FD5792B-6A22-4993-A240-AD16174D5FD6}.Release|Any CPU.Build.0 = Release|Any CPU
	EndGlobalSection
	GlobalSection(SolutionProperties) = preSolution
		HideSolutionNode = FALSE
	EndGlobalSection
	GlobalSection(ExtensibilityGlobals) = postSolution
		SolutionGuid = {C45270F6-B17B-4E82-81AA-6843F94EA4A6}
	EndGlobalSection
EndGlobal
